// !$*UTF8*$!
{
	archiveVersion = 1;
	classes = {
	};
	objectVersion = 46;
	objects = {

/* Begin PBXBuildFile section */
		4C5305F11FB19C6000539D8B /* RLHyperViewController.m in Sources */ = {isa = PBXBuildFile; fileRef = 4C5305F01FB19C6000539D8B /* RLHyperViewController.m */; };
		4C5EF4A61F9ACFA200906AFD /* main.m in Sources */ = {isa = PBXBuildFile; fileRef = 4C5EF4A51F9ACFA200906AFD /* main.m */; };
		4C5EF4A91F9ACFA200906AFD /* AppDelegate.m in Sources */ = {isa = PBXBuildFile; fileRef = 4C5EF4A81F9ACFA200906AFD /* AppDelegate.m */; };
		4C5EF4AF1F9ACFA200906AFD /* Main.storyboard in Resources */ = {isa = PBXBuildFile; fileRef = 4C5EF4AD1F9ACFA200906AFD /* Main.storyboard */; };
		4C5EF4B11F9ACFA200906AFD /* Assets.xcassets in Resources */ = {isa = PBXBuildFile; fileRef = 4C5EF4B01F9ACFA200906AFD /* Assets.xcassets */; };
		4C5EF4B41F9ACFA200906AFD /* LaunchScreen.storyboard in Resources */ = {isa = PBXBuildFile; fileRef = 4C5EF4B21F9ACFA200906AFD /* LaunchScreen.storyboard */; };
		4C5EF4BF1F9ACFA200906AFD /* RLObjLearnTests.m in Sources */ = {isa = PBXBuildFile; fileRef = 4C5EF4BE1F9ACFA200906AFD /* RLObjLearnTests.m */; };
		4C5EF4CA1F9ACFA300906AFD /* RLObjLearnUITests.m in Sources */ = {isa = PBXBuildFile; fileRef = 4C5EF4C91F9ACFA300906AFD /* RLObjLearnUITests.m */; };
		4C5EF4D91F9AD70C00906AFD /* RLHyperView.m in Sources */ = {isa = PBXBuildFile; fileRef = 4C5EF4D81F9AD70C00906AFD /* RLHyperView.m */; };
		4C5EF4DC1FA5F00700906AFD /* RLContainerDrawerMainVC.m in Sources */ = {isa = PBXBuildFile; fileRef = 4C5EF4DB1FA5F00700906AFD /* RLContainerDrawerMainVC.m */; };
		4C5EF4DF1FA5F6F900906AFD /* MapKit.framework in Frameworks */ = {isa = PBXBuildFile; fileRef = 4C5EF4DE1FA5F6F900906AFD /* MapKit.framework */; };
		4C5EF4E21FA7478B00906AFD /* RLPinAnnotation.m in Sources */ = {isa = PBXBuildFile; fileRef = 4C5EF4E11FA7478B00906AFD /* RLPinAnnotation.m */; };
/* End PBXBuildFile section */

/* Begin PBXContainerItemProxy section */
		4C5EF4BB1F9ACFA200906AFD /* PBXContainerItemProxy */ = {
			isa = PBXContainerItemProxy;
			containerPortal = 4C5EF4991F9ACFA200906AFD /* Project object */;
			proxyType = 1;
			remoteGlobalIDString = 4C5EF4A01F9ACFA200906AFD;
			remoteInfo = RLObjLearn;
		};
		4C5EF4C61F9ACFA300906AFD /* PBXContainerItemProxy */ = {
			isa = PBXContainerItemProxy;
			containerPortal = 4C5EF4991F9ACFA200906AFD /* Project object */;
			proxyType = 1;
			remoteGlobalIDString = 4C5EF4A01F9ACFA200906AFD;
			remoteInfo = RLObjLearn;
		};
/* End PBXContainerItemProxy section */

/* Begin PBXFileReference section */
		4C5305EF1FB19C6000539D8B /* RLHyperViewController.h */ = {isa = PBXFileReference; fileEncoding = 4; lastKnownFileType = sourcecode.c.h; path = RLHyperViewController.h; sourceTree = "<group>"; };
		4C5305F01FB19C6000539D8B /* RLHyperViewController.m */ = {isa = PBXFileReference; fileEncoding = 4; lastKnownFileType = sourcecode.c.objc; path = RLHyperViewController.m; sourceTree = "<group>"; };
		4C5EF4A11F9ACFA200906AFD /* RLObjLearn.app */ = {isa = PBXFileReference; explicitFileType = wrapper.application; includeInIndex = 0; path = RLObjLearn.app; sourceTree = BUILT_PRODUCTS_DIR; };
		4C5EF4A51F9ACFA200906AFD /* main.m */ = {isa = PBXFileReference; lastKnownFileType = sourcecode.c.objc; path = main.m; sourceTree = "<group>"; };
		4C5EF4A71F9ACFA200906AFD /* AppDelegate.h */ = {isa = PBXFileReference; lastKnownFileType = sourcecode.c.h; path = AppDelegate.h; sourceTree = "<group>"; };
		4C5EF4A81F9ACFA200906AFD /* AppDelegate.m */ = {isa = PBXFileReference; lastKnownFileType = sourcecode.c.objc; path = AppDelegate.m; sourceTree = "<group>"; };
		4C5EF4AE1F9ACFA200906AFD /* Base */ = {isa = PBXFileReference; lastKnownFileType = file.storyboard; name = Base; path = Base.lproj/Main.storyboard; sourceTree = "<group>"; };
		4C5EF4B01F9ACFA200906AFD /* Assets.xcassets */ = {isa = PBXFileReference; lastKnownFileType = folder.assetcatalog; path = Assets.xcassets; sourceTree = "<group>"; };
		4C5EF4B31F9ACFA200906AFD /* Base */ = {isa = PBXFileReference; lastKnownFileType = file.storyboard; name = Base; path = Base.lproj/LaunchScreen.storyboard; sourceTree = "<group>"; };
		4C5EF4B51F9ACFA200906AFD /* Info.plist */ = {isa = PBXFileReference; lastKnownFileType = text.plist.xml; path = Info.plist; sourceTree = "<group>"; };
		4C5EF4BA1F9ACFA200906AFD /* RLObjLearnTests.xctest */ = {isa = PBXFileReference; explicitFileType = wrapper.cfbundle; includeInIndex = 0; path = RLObjLearnTests.xctest; sourceTree = BUILT_PRODUCTS_DIR; };
		4C5EF4BE1F9ACFA200906AFD /* RLObjLearnTests.m */ = {isa = PBXFileReference; lastKnownFileType = sourcecode.c.objc; path = RLObjLearnTests.m; sourceTree = "<group>"; };
		4C5EF4C01F9ACFA200906AFD /* Info.plist */ = {isa = PBXFileReference; lastKnownFileType = text.plist.xml; path = Info.plist; sourceTree = "<group>"; };
		4C5EF4C51F9ACFA300906AFD /* RLObjLearnUITests.xctest */ = {isa = PBXFileReference; explicitFileType = wrapper.cfbundle; includeInIndex = 0; path = RLObjLearnUITests.xctest; sourceTree = BUILT_PRODUCTS_DIR; };
		4C5EF4C91F9ACFA300906AFD /* RLObjLearnUITests.m */ = {isa = PBXFileReference; lastKnownFileType = sourcecode.c.objc; path = RLObjLearnUITests.m; sourceTree = "<group>"; };
		4C5EF4CB1F9ACFA300906AFD /* Info.plist */ = {isa = PBXFileReference; lastKnownFileType = text.plist.xml; path = Info.plist; sourceTree = "<group>"; };
		4C5EF4D71F9AD70C00906AFD /* RLHyperView.h */ = {isa = PBXFileReference; fileEncoding = 4; lastKnownFileType = sourcecode.c.h; path = RLHyperView.h; sourceTree = "<group>"; };
		4C5EF4D81F9AD70C00906AFD /* RLHyperView.m */ = {isa = PBXFileReference; fileEncoding = 4; lastKnownFileType = sourcecode.c.objc; path = RLHyperView.m; sourceTree = "<group>"; };
		4C5EF4DA1FA5F00700906AFD /* RLContainerDrawerMainVC.h */ = {isa = PBXFileReference; fileEncoding = 4; lastKnownFileType = sourcecode.c.h; path = RLContainerDrawerMainVC.h; sourceTree = "<group>"; };
		4C5EF4DB1FA5F00700906AFD /* RLContainerDrawerMainVC.m */ = {isa = PBXFileReference; fileEncoding = 4; lastKnownFileType = sourcecode.c.objc; path = RLContainerDrawerMainVC.m; sourceTree = "<group>"; };
		4C5EF4DE1FA5F6F900906AFD /* MapKit.framework */ = {isa = PBXFileReference; lastKnownFileType = wrapper.framework; name = MapKit.framework; path = System/Library/Frameworks/MapKit.framework; sourceTree = SDKROOT; };
		4C5EF4E01FA7478B00906AFD /* RLPinAnnotation.h */ = {isa = PBXFileReference; fileEncoding = 4; lastKnownFileType = sourcecode.c.h; path = RLPinAnnotation.h; sourceTree = "<group>"; };
		4C5EF4E11FA7478B00906AFD /* RLPinAnnotation.m */ = {isa = PBXFileReference; fileEncoding = 4; lastKnownFileType = sourcecode.c.objc; path = RLPinAnnotation.m; sourceTree = "<group>"; };
/* End PBXFileReference section */

/* Begin PBXFrameworksBuildPhase section */
		4C5EF49E1F9ACFA200906AFD /* Frameworks */ = {
			isa = PBXFrameworksBuildPhase;
			buildActionMask = 2147483647;
			files = (
				4C5EF4DF1FA5F6F900906AFD /* MapKit.framework in Frameworks */,
			);
			runOnlyForDeploymentPostprocessing = 0;
		};
		4C5EF4B71F9ACFA200906AFD /* Frameworks */ = {
			isa = PBXFrameworksBuildPhase;
			buildActionMask = 2147483647;
			files = (
			);
			runOnlyForDeploymentPostprocessing = 0;
		};
		4C5EF4C21F9ACFA300906AFD /* Frameworks */ = {
			isa = PBXFrameworksBuildPhase;
			buildActionMask = 2147483647;
			files = (
			);
			runOnlyForDeploymentPostprocessing = 0;
		};
/* End PBXFrameworksBuildPhase section */

/* Begin PBXGroup section */
		4C5305EE1FB19C3E00539D8B /* ViewController */ = {
			isa = PBXGroup;
			children = (
				4C5305EF1FB19C6000539D8B /* RLHyperViewController.h */,
				4C5305F01FB19C6000539D8B /* RLHyperViewController.m */,
			);
			name = ViewController;
			sourceTree = "<group>";
		};
		4C5EF4981F9ACFA200906AFD = {
			isa = PBXGroup;
			children = (
				4C5EF4A31F9ACFA200906AFD /* RLObjLearn */,
				4C5EF4BD1F9ACFA200906AFD /* RLObjLearnTests */,
				4C5EF4C81F9ACFA300906AFD /* RLObjLearnUITests */,
				4C5EF4A21F9ACFA200906AFD /* Products */,
				4C5EF4DD1FA5F6F900906AFD /* Frameworks */,
			);
			sourceTree = "<group>";
		};
		4C5EF4A21F9ACFA200906AFD /* Products */ = {
			isa = PBXGroup;
			children = (
				4C5EF4A11F9ACFA200906AFD /* RLObjLearn.app */,
				4C5EF4BA1F9ACFA200906AFD /* RLObjLearnTests.xctest */,
				4C5EF4C51F9ACFA300906AFD /* RLObjLearnUITests.xctest */,
			);
			name = Products;
			sourceTree = "<group>";
		};
		4C5EF4A31F9ACFA200906AFD /* RLObjLearn */ = {
			isa = PBXGroup;
			children = (
				4C5305EE1FB19C3E00539D8B /* ViewController */,
				4C5EF4E01FA7478B00906AFD /* RLPinAnnotation.h */,
				4C5EF4E11FA7478B00906AFD /* RLPinAnnotation.m */,
				4C5EF4DA1FA5F00700906AFD /* RLContainerDrawerMainVC.h */,
				4C5EF4DB1FA5F00700906AFD /* RLContainerDrawerMainVC.m */,
				4C5EF4D71F9AD70C00906AFD /* RLHyperView.h */,
				4C5EF4D81F9AD70C00906AFD /* RLHyperView.m */,
				4C5EF4A71F9ACFA200906AFD /* AppDelegate.h */,
				4C5EF4A81F9ACFA200906AFD /* AppDelegate.m */,
				4C5EF4AD1F9ACFA200906AFD /* Main.storyboard */,
				4C5EF4B01F9ACFA200906AFD /* Assets.xcassets */,
				4C5EF4B21F9ACFA200906AFD /* LaunchScreen.storyboard */,
				4C5EF4B51F9ACFA200906AFD /* Info.plist */,
				4C5EF4A41F9ACFA200906AFD /* Supporting Files */,
			);
			path = RLObjLearn;
			sourceTree = "<group>";
		};
		4C5EF4A41F9ACFA200906AFD /* Supporting Files */ = {
			isa = PBXGroup;
			children = (
				4C5EF4A51F9ACFA200906AFD /* main.m */,
			);
			name = "Supporting Files";
			sourceTree = "<group>";
		};
		4C5EF4BD1F9ACFA200906AFD /* RLObjLearnTests */ = {
			isa = PBXGroup;
			children = (
				4C5EF4BE1F9ACFA200906AFD /* RLObjLearnTests.m */,
				4C5EF4C01F9ACFA200906AFD /* Info.plist */,
			);
			path = RLObjLearnTests;
			sourceTree = "<group>";
		};
		4C5EF4C81F9ACFA300906AFD /* RLObjLearnUITests */ = {
			isa = PBXGroup;
			children = (
				4C5EF4C91F9ACFA300906AFD /* RLObjLearnUITests.m */,
				4C5EF4CB1F9ACFA300906AFD /* Info.plist */,
			);
			path = RLObjLearnUITests;
			sourceTree = "<group>";
		};
		4C5EF4DD1FA5F6F900906AFD /* Frameworks */ = {
			isa = PBXGroup;
			children = (
				4C5EF4DE1FA5F6F900906AFD /* MapKit.framework */,
			);
			name = Frameworks;
			sourceTree = "<group>";
		};
/* End PBXGroup section */

/* Begin PBXNativeTarget section */
		4C5EF4A01F9ACFA200906AFD /* RLObjLearn */ = {
			isa = PBXNativeTarget;
			buildConfigurationList = 4C5EF4CE1F9ACFA300906AFD /* Build configuration list for PBXNativeTarget "RLObjLearn" */;
			buildPhases = (
				4C5EF49D1F9ACFA200906AFD /* Sources */,
				4C5EF49E1F9ACFA200906AFD /* Frameworks */,
				4C5EF49F1F9ACFA200906AFD /* Resources */,
			);
			buildRules = (
			);
			dependencies = (
			);
			name = RLObjLearn;
			productName = RLObjLearn;
			productReference = 4C5EF4A11F9ACFA200906AFD /* RLObjLearn.app */;
			productType = "com.apple.product-type.application";
		};
		4C5EF4B91F9ACFA200906AFD /* RLObjLearnTests */ = {
			isa = PBXNativeTarget;
			buildConfigurationList = 4C5EF4D11F9ACFA300906AFD /* Build configuration list for PBXNativeTarget "RLObjLearnTests" */;
			buildPhases = (
				4C5EF4B61F9ACFA200906AFD /* Sources */,
				4C5EF4B71F9ACFA200906AFD /* Frameworks */,
				4C5EF4B81F9ACFA200906AFD /* Resources */,
			);
			buildRules = (
			);
			dependencies = (
				4C5EF4BC1F9ACFA200906AFD /* PBXTargetDependency */,
			);
			name = RLObjLearnTests;
			productName = RLObjLearnTests;
			productReference = 4C5EF4BA1F9ACFA200906AFD /* RLObjLearnTests.xctest */;
			productType = "com.apple.product-type.bundle.unit-test";
		};
		4C5EF4C41F9ACFA300906AFD /* RLObjLearnUITests */ = {
			isa = PBXNativeTarget;
			buildConfigurationList = 4C5EF4D41F9ACFA300906AFD /* Build configuration list for PBXNativeTarget "RLObjLearnUITests" */;
			buildPhases = (
				4C5EF4C11F9ACFA300906AFD /* Sources */,
				4C5EF4C21F9ACFA300906AFD /* Frameworks */,
				4C5EF4C31F9ACFA300906AFD /* Resources */,
			);
			buildRules = (
			);
			dependencies = (
				4C5EF4C71F9ACFA300906AFD /* PBXTargetDependency */,
			);
			name = RLObjLearnUITests;
			productName = RLObjLearnUITests;
			productReference = 4C5EF4C51F9ACFA300906AFD /* RLObjLearnUITests.xctest */;
			productType = "com.apple.product-type.bundle.ui-testing";
		};
/* End PBXNativeTarget section */

/* Begin PBXProject section */
		4C5EF4991F9ACFA200906AFD /* Project object */ = {
			isa = PBXProject;
			attributes = {
				LastUpgradeCheck = 0830;
				ORGANIZATIONNAME = "Rock Lee";
				TargetAttributes = {
					4C5EF4A01F9ACFA200906AFD = {
						CreatedOnToolsVersion = 8.3.2;
						ProvisioningStyle = Automatic;
					};
					4C5EF4B91F9ACFA200906AFD = {
						CreatedOnToolsVersion = 8.3.2;
						ProvisioningStyle = Automatic;
						TestTargetID = 4C5EF4A01F9ACFA200906AFD;
					};
					4C5EF4C41F9ACFA300906AFD = {
						CreatedOnToolsVersion = 8.3.2;
						ProvisioningStyle = Automatic;
						TestTargetID = 4C5EF4A01F9ACFA200906AFD;
					};
				};
			};
			buildConfigurationList = 4C5EF49C1F9ACFA200906AFD /* Build configuration list for PBXProject "RLObjLearn" */;
			compatibilityVersion = "Xcode 3.2";
			developmentRegion = English;
			hasScannedForEncodings = 0;
			knownRegions = (
				en,
				Base,
			);
			mainGroup = 4C5EF4981F9ACFA200906AFD;
			productRefGroup = 4C5EF4A21F9ACFA200906AFD /* Products */;
			projectDirPath = "";
			projectRoot = "";
			targets = (
				4C5EF4A01F9ACFA200906AFD /* RLObjLearn */,
				4C5EF4B91F9ACFA200906AFD /* RLObjLearnTests */,
				4C5EF4C41F9ACFA300906AFD /* RLObjLearnUITests */,
			);
		};
/* End PBXProject section */

/* Begin PBXResourcesBuildPhase section */
		4C5EF49F1F9ACFA200906AFD /* Resources */ = {
			isa = PBXResourcesBuildPhase;
			buildActionMask = 2147483647;
			files = (
				4C5EF4B41F9ACFA200906AFD /* LaunchScreen.storyboard in Resources */,
				4C5EF4B11F9ACFA200906AFD /* Assets.xcassets in Resources */,
				4C5EF4AF1F9ACFA200906AFD /* Main.storyboard in Resources */,
			);
			runOnlyForDeploymentPostprocessing = 0;
		};
		4C5EF4B81F9ACFA200906AFD /* Resources */ = {
			isa = PBXResourcesBuildPhase;
			buildActionMask = 2147483647;
			files = (
			);
			runOnlyForDeploymentPostprocessing = 0;
		};
		4C5EF4C31F9ACFA300906AFD /* Resources */ = {
			isa = PBXResourcesBuildPhase;
			buildActionMask = 2147483647;
			files = (
			);
			runOnlyForDeploymentPostprocessing = 0;
		};
/* End PBXResourcesBuildPhase section */

/* Begin PBXSourcesBuildPhase section */
		4C5EF49D1F9ACFA200906AFD /* Sources */ = {
			isa = PBXSourcesBuildPhase;
			buildActionMask = 2147483647;
			files = (
				4C5EF4DC1FA5F00700906AFD /* RLContainerDrawerMainVC.m in Sources */,
				4C5EF4A91F9ACFA200906AFD /* AppDelegate.m in Sources */,
				4C5EF4E21FA7478B00906AFD /* RLPinAnnotation.m in Sources */,
				4C5EF4A61F9ACFA200906AFD /* main.m in Sources */,
				4C5EF4D91F9AD70C00906AFD /* RLHyperView.m in Sources */,
				4C5305F11FB19C6000539D8B /* RLHyperViewController.m in Sources */,
			);
			runOnlyForDeploymentPostprocessing = 0;
		};
		4C5EF4B61F9ACFA200906AFD /* Sources */ = {
			isa = PBXSourcesBuildPhase;
			buildActionMask = 2147483647;
			files = (
				4C5EF4BF1F9ACFA200906AFD /* RLObjLearnTests.m in Sources */,
			);
			runOnlyForDeploymentPostprocessing = 0;
		};
		4C5EF4C11F9ACFA300906AFD /* Sources */ = {
			isa = PBXSourcesBuildPhase;
			buildActionMask = 2147483647;
			files = (
				4C5EF4CA1F9ACFA300906AFD /* RLObjLearnUITests.m in Sources */,
			);
			runOnlyForDeploymentPostprocessing = 0;
		};
/* End PBXSourcesBuildPhase section */

/* Begin PBXTargetDependency section */
		4C5EF4BC1F9ACFA200906AFD /* PBXTargetDependency */ = {
			isa = PBXTargetDependency;
			target = 4C5EF4A01F9ACFA200906AFD /* RLObjLearn */;
			targetProxy = 4C5EF4BB1F9ACFA200906AFD /* PBXContainerItemProxy */;
		};
		4C5EF4C71F9ACFA300906AFD /* PBXTargetDependency */ = {
			isa = PBXTargetDependency;
			target = 4C5EF4A01F9ACFA200906AFD /* RLObjLearn */;
			targetProxy = 4C5EF4C61F9ACFA300906AFD /* PBXContainerItemProxy */;
		};
/* End PBXTargetDependency section */

/* Begin PBXVariantGroup section */
		4C5EF4AD1F9ACFA200906AFD /* Main.storyboard */ = {
			isa = PBXVariantGroup;
			children = (
				4C5EF4AE1F9ACFA200906AFD /* Base */,
			);
			name = Main.storyboard;
			sourceTree = "<group>";
		};
		4C5EF4B21F9ACFA200906AFD /* LaunchScreen.storyboard */ = {
			isa = PBXVariantGroup;
			children = (
				4C5EF4B31F9ACFA200906AFD /* Base */,
			);
			name = LaunchScreen.storyboard;
			sourceTree = "<group>";
		};
/* End PBXVariantGroup section */

/* Begin XCBuildConfiguration section */
		4C5EF4CC1F9ACFA300906AFD /* Debug */ = {
			isa = XCBuildConfiguration;
			buildSettings = {
				ALWAYS_SEARCH_USER_PATHS = NO;
				CLANG_ANALYZER_NONNULL = YES;
				CLANG_ANALYZER_NUMBER_OBJECT_CONVERSION = YES_AGGRESSIVE;
				CLANG_CXX_LANGUAGE_STANDARD = "gnu++0x";
				CLANG_CXX_LIBRARY = "libc++";
				CLANG_ENABLE_MODULES = YES;
				CLANG_ENABLE_OBJC_ARC = YES;
				CLANG_WARN_BOOL_CONVERSION = YES;
				CLANG_WARN_CONSTANT_CONVERSION = YES;
				CLANG_WARN_DIRECT_OBJC_ISA_USAGE = YES_ERROR;
				CLANG_WARN_DOCUMENTATION_COMMENTS = YES;
				CLANG_WARN_EMPTY_BODY = YES;
				CLANG_WARN_ENUM_CONVERSION = YES;
				CLANG_WARN_INFINITE_RECURSION = YES;
				CLANG_WARN_INT_CONVERSION = YES;
				CLANG_WARN_OBJC_ROOT_CLASS = YES_ERROR;
				CLANG_WARN_SUSPICIOUS_MOVE = YES;
				CLANG_WARN_UNREACHABLE_CODE = YES;
				CLANG_WARN__DUPLICATE_METHOD_MATCH = YES;
				"CODE_SIGN_IDENTITY[sdk=iphoneos*]" = "iPhone Developer";
				COPY_PHASE_STRIP = NO;
				DEBUG_INFORMATION_FORMAT = dwarf;
				ENABLE_STRICT_OBJC_MSGSEND = YES;
				ENABLE_TESTABILITY = YES;
				GCC_C_LANGUAGE_STANDARD = gnu99;
				GCC_DYNAMIC_NO_PIC = NO;
				GCC_NO_COMMON_BLOCKS = YES;
				GCC_OPTIMIZATION_LEVEL = 0;
				GCC_PREPROCESSOR_DEFINITIONS = (
					"DEBUG=1",
					"$(inherited)",
				);
				GCC_WARN_64_TO_32_BIT_CONVERSION = YES;
				GCC_WARN_ABOUT_RETURN_TYPE = YES_ERROR;
				GCC_WARN_UNDECLARED_SELECTOR = YES;
				GCC_WARN_UNINITIALIZED_AUTOS = YES_AGGRESSIVE;
				GCC_WARN_UNUSED_FUNCTION = YES;
				GCC_WARN_UNUSED_VARIABLE = YES;
				IPHONEOS_DEPLOYMENT_TARGET = 10.3;
				MTL_ENABLE_DEBUG_INFO = YES;
				ONLY_ACTIVE_ARCH = YES;
				SDKROOT = iphoneos;
			};
			name = Debug;
		};
		4C5EF4CD1F9ACFA300906AFD /* Release */ = {
			isa = XCBuildConfiguration;
			buildSettings = {
				ALWAYS_SEARCH_USER_PATHS = NO;
				CLANG_ANALYZER_NONNULL = YES;
				CLANG_ANALYZER_NUMBER_OBJECT_CONVERSION = YES_AGGRESSIVE;
				CLANG_CXX_LANGUAGE_STANDARD = "gnu++0x";
				CLANG_CXX_LIBRARY = "libc++";
				CLANG_ENABLE_MODULES = YES;
				CLANG_ENABLE_OBJC_ARC = YES;
				CLANG_WARN_BOOL_CONVERSION = YES;
				CLANG_WARN_CONSTANT_CONVERSION = YES;
				CLANG_WARN_DIRECT_OBJC_ISA_USAGE = YES_ERROR;
				CLANG_WARN_DOCUMENTATION_COMMENTS = YES;
				CLANG_WARN_EMPTY_BODY = YES;
				CLANG_WARN_ENUM_CONVERSION = YES;
				CLANG_WARN_INFINITE_RECURSION = YES;
				CLANG_WARN_INT_CONVERSION = YES;
				CLANG_WARN_OBJC_ROOT_CLASS = YES_ERROR;
				CLANG_WARN_SUSPICIOUS_MOVE = YES;
				CLANG_WARN_UNREACHABLE_CODE = YES;
				CLANG_WARN__DUPLICATE_METHOD_MATCH = YES;
				"CODE_SIGN_IDENTITY[sdk=iphoneos*]" = "iPhone Developer";
				COPY_PHASE_STRIP = NO;
				DEBUG_INFORMATION_FORMAT = "dwarf-with-dsym";
				ENABLE_NS_ASSERTIONS = NO;
				ENABLE_STRICT_OBJC_MSGSEND = YES;
				GCC_C_LANGUAGE_STANDARD = gnu99;
				GCC_NO_COMMON_BLOCKS = YES;
				GCC_WARN_64_TO_32_BIT_CONVERSION = YES;
				GCC_WARN_ABOUT_RETURN_TYPE = YES_ERROR;
				GCC_WARN_UNDECLARED_SELECTOR = YES;
				GCC_WARN_UNINITIALIZED_AUTOS = YES_AGGRESSIVE;
				GCC_WARN_UNUSED_FUNCTION = YES;
				GCC_WARN_UNUSED_VARIABLE = YES;
				IPHONEOS_DEPLOYMENT_TARGET = 10.3;
				MTL_ENABLE_DEBUG_INFO = NO;
				SDKROOT = iphoneos;
				VALIDATE_PRODUCT = YES;
			};
			name = Release;
		};
		4C5EF4CF1F9ACFA300906AFD /* Debug */ = {
			isa = XCBuildConfiguration;
			buildSettings = {
				ASSETCATALOG_COMPILER_APPICON_NAME = AppIcon;
				INFOPLIST_FILE = RLObjLearn/Info.plist;
				LD_RUNPATH_SEARCH_PATHS = "$(inherited) @executable_path/Frameworks";
				PRODUCT_BUNDLE_IDENTIFIER = com.unibrighter.RLObjLearn;
				PRODUCT_NAME = "$(TARGET_NAME)";
			};
			name = Debug;
		};
		4C5EF4D01F9ACFA300906AFD /* Release */ = {
			isa = XCBuildConfiguration;
			buildSettings = {
				ASSETCATALOG_COMPILER_APPICON_NAME = AppIcon;
				INFOPLIST_FILE = RLObjLearn/Info.plist;
				LD_RUNPATH_SEARCH_PATHS = "$(inherited) @executable_path/Frameworks";
				PRODUCT_BUNDLE_IDENTIFIER = com.unibrighter.RLObjLearn;
				PRODUCT_NAME = "$(TARGET_NAME)";
			};
			name = Release;
		};
		4C5EF4D21F9ACFA300906AFD /* Debug */ = {
			isa = XCBuildConfiguration;
			buildSettings = {
				BUNDLE_LOADER = "$(TEST_HOST)";
				INFOPLIST_FILE = RLObjLearnTests/Info.plist;
				LD_RUNPATH_SEARCH_PATHS = "$(inherited) @executable_path/Frameworks @loader_path/Frameworks";
				PRODUCT_BUNDLE_IDENTIFIER = com.unibrighter.RLObjLearnTests;
				PRODUCT_NAME = "$(TARGET_NAME)";
				TEST_HOST = "$(BUILT_PRODUCTS_DIR)/RLObjLearn.app/RLObjLearn";
			};
			name = Debug;
		};
		4C5EF4D31F9ACFA300906AFD /* Release */ = {
			isa = XCBuildConfiguration;
			buildSettings = {
				BUNDLE_LOADER = "$(TEST_HOST)";
				INFOPLIST_FILE = RLObjLearnTests/Info.plist;
				LD_RUNPATH_SEARCH_PATHS = "$(inherited) @executable_path/Frameworks @loader_path/Frameworks";
				PRODUCT_BUNDLE_IDENTIFIER = com.unibrighter.RLObjLearnTests;
				PRODUCT_NAME = "$(TARGET_NAME)";
				TEST_HOST = "$(BUILT_PRODUCTS_DIR)/RLObjLearn.app/RLObjLearn";
			};
			name = Release;
		};
		4C5EF4D51F9ACFA300906AFD /* Debug */ = {
			isa = XCBuildConfiguration;
			buildSettings = {
				INFOPLIST_FILE = RLObjLearnUITests/Info.plist;
				LD_RUNPATH_SEARCH_PATHS = "$(inherited) @executable_path/Frameworks @loader_path/Frameworks";
				PRODUCT_BUNDLE_IDENTIFIER = com.unibrighter.RLObjLearnUITests;
				PRODUCT_NAME = "$(TARGET_NAME)";
				TEST_TARGET_NAME = RLObjLearn;
			};
			name = Debug;
		};
		4C5EF4D61F9ACFA300906AFD /* Release */ = {
			isa = XCBuildConfiguration;
			buildSettings = {
				INFOPLIST_FILE = RLObjLearnUITests/Info.plist;
				LD_RUNPATH_SEARCH_PATHS = "$(inherited) @executable_path/Frameworks @loader_path/Frameworks";
				PRODUCT_BUNDLE_IDENTIFIER = com.unibrighter.RLObjLearnUITests;
				PRODUCT_NAME = "$(TARGET_NAME)";
				TEST_TARGET_NAME = RLObjLearn;
			};
			name = Release;
		};
/* End XCBuildConfiguration section */

/* Begin XCConfigurationList section */
		4C5EF49C1F9ACFA200906AFD /* Build configuration list for PBXProject "RLObjLearn" */ = {
			isa = XCConfigurationList;
			buildConfigurations = (
				4C5EF4CC1F9ACFA300906AFD /* Debug */,
				4C5EF4CD1F9ACFA300906AFD /* Release */,
			);
			defaultConfigurationIsVisible = 0;
			defaultConfigurationName = Release;
		};
		4C5EF4CE1F9ACFA300906AFD /* Build configuration list for PBXNativeTarget "RLObjLearn" */ = {
			isa = XCConfigurationList;
			buildConfigurations = (
				4C5EF4CF1F9ACFA300906AFD /* Debug */,
				4C5EF4D01F9ACFA300906AFD /* Release */,
			);
			defaultConfigurationIsVisible = 0;
			defaultConfigurationName = Release;
		};
		4C5EF4D11F9ACFA300906AFD /* Build configuration list for PBXNativeTarget "RLObjLearnTests" */ = {
			isa = XCConfigurationList;
			buildConfigurations = (
				4C5EF4D21F9ACFA300906AFD /* Debug */,
				4C5EF4D31F9ACFA300906AFD /* Release */,
			);
			defaultConfigurationIsVisible = 0;
			defaultConfigurationName = Release;
		};
		4C5EF4D41F9ACFA300906AFD /* Build configuration list for PBXNativeTarget "RLObjLearnUITests" */ = {
			isa = XCConfigurationList;
			buildConfigurations = (
				4C5EF4D51F9ACFA300906AFD /* Debug */,
				4C5EF4D61F9ACFA300906AFD /* Release */,
			);
			defaultConfigurationIsVisible = 0;
			defaultConfigurationName = Release;
		};
/* End XCConfigurationList section */
	};
	rootObject = 4C5EF4991F9ACFA200906AFD /* Project object */;
}
